
Microsoft Visual Studio Solution File, Format Version 12.00
# Visual Studio 14
VisualStudioVersion = 14.0.25420.1
MinimumVisualStudioVersion = 10.0.40219.1
Project("{FAE04EC0-301F-11D3-BF4B-00C04F79EFBC}") = "Calculator", "Calculator\Calculator.csproj", "{3995C785-D513-4CD2-807F-9994384CDC25}"
EndProject
Project("{FAE04EC0-301F-11D3-BF4B-00C04F79EFBC}") = "test_delegate", "test_delegate\test_delegate.csproj", "{6AC48299-18B9-45F2-9F13-89BAB890C6FF}"
EndProject
Global
	GlobalSection(SolutionConfigurationPlatforms) = preSolution
		Debug|Any CPU = Debug|Any CPU
		Release|Any CPU = Release|Any CPU
	EndGlobalSection
	GlobalSection(ProjectConfigurationPlatforms) = postSolution
		{3995C785-D513-4CD2-807F-9994384CDC25}.Debug|Any CPU.ActiveCfg = Debug|Any CPU
		{3995C785-D513-4CD2-807F-9994384CDC25}.Debug|Any CPU.Build.0 = Debug|Any CPU
		{3995C785-D513-4CD2-807F-9994384CDC25}.Release|Any CPU.ActiveCfg = Release|Any CPU
		{3995C785-D513-4CD2-807F-9994384CDC25}.Release|Any CPU.Build.0 = Release|Any CPU
		{6AC48299-18B9-45F2-9F13-89BAB890C6FF}.Debug|Any CPU.ActiveCfg = Debug|Any CPU
		{6AC48299-18B9-45F2-9F13-89BAB890C6FF}.Debug|Any CPU.Build.0 = Debug|Any CPU
		{6AC48299-18B9-45F2-9F13-89BAB890C6FF}.Release|Any CPU.ActiveCfg = Release|Any CPU
		{6AC48299-18B9-45F2-9F13-89BAB890C6FF}.Release|Any CPU.Build.0 = Release|Any CPU
	EndGlobalSection
	GlobalSection(SolutionProperties) = preSolution
		HideSolutionNode = FALSE
	EndGlobalSection
EndGlobal
